// !$*UTF8*$!
{
	archiveVersion = 1;
	classes = {
	};
	objectVersion = 56;
	objects = {

/* Begin PBXBuildFile section */
		3B2A4EEC29660579005E8ED6 /* AppDelegate.swift in Sources */ = {isa = PBXBuildFile; fileRef = 3B2A4EEB29660579005E8ED6 /* AppDelegate.swift */; };
		3B2A4EEE29660579005E8ED6 /* SceneDelegate.swift in Sources */ = {isa = PBXBuildFile; fileRef = 3B2A4EED29660579005E8ED6 /* SceneDelegate.swift */; };
		3B2A4EF029660579005E8ED6 /* ViewController.swift in Sources */ = {isa = PBXBuildFile; fileRef = 3B2A4EEF29660579005E8ED6 /* ViewController.swift */; };
		3B2A4EF329660579005E8ED6 /* Main.storyboard in Resources */ = {isa = PBXBuildFile; fileRef = 3B2A4EF129660579005E8ED6 /* Main.storyboard */; };
		3B2A4EF52966057B005E8ED6 /* Assets.xcassets in Resources */ = {isa = PBXBuildFile; fileRef = 3B2A4EF42966057B005E8ED6 /* Assets.xcassets */; };
		3B2A4EF82966057B005E8ED6 /* LaunchScreen.storyboard in Resources */ = {isa = PBXBuildFile; fileRef = 3B2A4EF62966057B005E8ED6 /* LaunchScreen.storyboard */; };
		3B2A4F032966057B005E8ED6 /* QRScannerPreviewTests.swift in Sources */ = {isa = PBXBuildFile; fileRef = 3B2A4F022966057B005E8ED6 /* QRScannerPreviewTests.swift */; };
		3B2A4F0D2966057B005E8ED6 /* QRScannerPreviewUITests.swift in Sources */ = {isa = PBXBuildFile; fileRef = 3B2A4F0C2966057B005E8ED6 /* QRScannerPreviewUITests.swift */; };
		3B2A4F0F2966057B005E8ED6 /* QRScannerPreviewUITestsLaunchTests.swift in Sources */ = {isa = PBXBuildFile; fileRef = 3B2A4F0E2966057B005E8ED6 /* QRScannerPreviewUITestsLaunchTests.swift */; };
/* End PBXBuildFile section */

/* Begin PBXContainerItemProxy section */
		3B2A4EFF2966057B005E8ED6 /* PBXContainerItemProxy */ = {
			isa = PBXContainerItemProxy;
			containerPortal = 3B2A4EE029660579005E8ED6 /* Project object */;
			proxyType = 1;
			remoteGlobalIDString = 3B2A4EE729660579005E8ED6;
			remoteInfo = QRScannerPreview;
		};
		3B2A4F092966057B005E8ED6 /* PBXContainerItemProxy */ = {
			isa = PBXContainerItemProxy;
			containerPortal = 3B2A4EE029660579005E8ED6 /* Project object */;
			proxyType = 1;
			remoteGlobalIDString = 3B2A4EE729660579005E8ED6;
			remoteInfo = QRScannerPreview;
		};
/* End PBXContainerItemProxy section */

/* Begin PBXFileReference section */
		3B2A4EE829660579005E8ED6 /* QRScannerPreview.app */ = {isa = PBXFileReference; explicitFileType = wrapper.application; includeInIndex = 0; path = QRScannerPreview.app; sourceTree = BUILT_PRODUCTS_DIR; };
		3B2A4EEB29660579005E8ED6 /* AppDelegate.swift */ = {isa = PBXFileReference; lastKnownFileType = sourcecode.swift; path = AppDelegate.swift; sourceTree = "<group>"; };
		3B2A4EED29660579005E8ED6 /* SceneDelegate.swift */ = {isa = PBXFileReference; lastKnownFileType = sourcecode.swift; path = SceneDelegate.swift; sourceTree = "<group>"; };
		3B2A4EEF29660579005E8ED6 /* ViewController.swift */ = {isa = PBXFileReference; lastKnownFileType = sourcecode.swift; path = ViewController.swift; sourceTree = "<group>"; };
		3B2A4EF229660579005E8ED6 /* Base */ = {isa = PBXFileReference; lastKnownFileType = file.storyboard; name = Base; path = Base.lproj/Main.storyboard; sourceTree = "<group>"; };
		3B2A4EF42966057B005E8ED6 /* Assets.xcassets */ = {isa = PBXFileReference; lastKnownFileType = folder.assetcatalog; path = Assets.xcassets; sourceTree = "<group>"; };
		3B2A4EF72966057B005E8ED6 /* Base */ = {isa = PBXFileReference; lastKnownFileType = file.storyboard; name = Base; path = Base.lproj/LaunchScreen.storyboard; sourceTree = "<group>"; };
		3B2A4EF92966057B005E8ED6 /* Info.plist */ = {isa = PBXFileReference; lastKnownFileType = text.plist.xml; path = Info.plist; sourceTree = "<group>"; };
		3B2A4EFE2966057B005E8ED6 /* QRScannerPreviewTests.xctest */ = {isa = PBXFileReference; explicitFileType = wrapper.cfbundle; includeInIndex = 0; path = QRScannerPreviewTests.xctest; sourceTree = BUILT_PRODUCTS_DIR; };
		3B2A4F022966057B005E8ED6 /* QRScannerPreviewTests.swift */ = {isa = PBXFileReference; lastKnownFileType = sourcecode.swift; path = QRScannerPreviewTests.swift; sourceTree = "<group>"; };
		3B2A4F082966057B005E8ED6 /* QRScannerPreviewUITests.xctest */ = {isa = PBXFileReference; explicitFileType = wrapper.cfbundle; includeInIndex = 0; path = QRScannerPreviewUITests.xctest; sourceTree = BUILT_PRODUCTS_DIR; };
		3B2A4F0C2966057B005E8ED6 /* QRScannerPreviewUITests.swift */ = {isa = PBXFileReference; lastKnownFileType = sourcecode.swift; path = QRScannerPreviewUITests.swift; sourceTree = "<group>"; };
		3B2A4F0E2966057B005E8ED6 /* QRScannerPreviewUITestsLaunchTests.swift */ = {isa = PBXFileReference; lastKnownFileType = sourcecode.swift; path = QRScannerPreviewUITestsLaunchTests.swift; sourceTree = "<group>"; };
/* End PBXFileReference section */

/* Begin PBXFrameworksBuildPhase section */
		3B2A4EE529660579005E8ED6 /* Frameworks */ = {
			isa = PBXFrameworksBuildPhase;
			buildActionMask = 2147483647;
			files = (
			);
			runOnlyForDeploymentPostprocessing = 0;
		};
		3B2A4EFB2966057B005E8ED6 /* Frameworks */ = {
			isa = PBXFrameworksBuildPhase;
			buildActionMask = 2147483647;
			files = (
			);
			runOnlyForDeploymentPostprocessing = 0;
		};
		3B2A4F052966057B005E8ED6 /* Frameworks */ = {
			isa = PBXFrameworksBuildPhase;
			buildActionMask = 2147483647;
			files = (
			);
			runOnlyForDeploymentPostprocessing = 0;
		};
/* End PBXFrameworksBuildPhase section */

/* Begin PBXGroup section */
		3B2A4EDF29660579005E8ED6 = {
			isa = PBXGroup;
			children = (
				3B2A4EEA29660579005E8ED6 /* QRScannerPreview */,
				3B2A4F012966057B005E8ED6 /* QRScannerPreviewTests */,
				3B2A4F0B2966057B005E8ED6 /* QRScannerPreviewUITests */,
				3B2A4EE929660579005E8ED6 /* Products */,
			);
			sourceTree = "<group>";
		};
		3B2A4EE929660579005E8ED6 /* Products */ = {
			isa = PBXGroup;
			children = (
				3B2A4EE829660579005E8ED6 /* QRScannerPreview.app */,
				3B2A4EFE2966057B005E8ED6 /* QRScannerPreviewTests.xctest */,
				3B2A4F082966057B005E8ED6 /* QRScannerPreviewUITests.xctest */,
			);
			name = Products;
			sourceTree = "<group>";
		};
		3B2A4EEA29660579005E8ED6 /* QRScannerPreview */ = {
			isa = PBXGroup;
			children = (
				3B2A4EEB29660579005E8ED6 /* AppDelegate.swift */,
				3B2A4EED29660579005E8ED6 /* SceneDelegate.swift */,
				3B2A4EEF29660579005E8ED6 /* ViewController.swift */,
				3B2A4EF129660579005E8ED6 /* Main.storyboard */,
				3B2A4EF42966057B005E8ED6 /* Assets.xcassets */,
				3B2A4EF62966057B005E8ED6 /* LaunchScreen.storyboard */,
				3B2A4EF92966057B005E8ED6 /* Info.plist */,
			);
			path = QRScannerPreview;
			sourceTree = "<group>";
		};
		3B2A4F012966057B005E8ED6 /* QRScannerPreviewTests */ = {
			isa = PBXGroup;
			children = (
				3B2A4F022966057B005E8ED6 /* QRScannerPreviewTests.swift */,
			);
			path = QRScannerPreviewTests;
			sourceTree = "<group>";
		};
		3B2A4F0B2966057B005E8ED6 /* QRScannerPreviewUITests */ = {
			isa = PBXGroup;
			children = (
				3B2A4F0C2966057B005E8ED6 /* QRScannerPreviewUITests.swift */,
				3B2A4F0E2966057B005E8ED6 /* QRScannerPreviewUITestsLaunchTests.swift */,
			);
			path = QRScannerPreviewUITests;
			sourceTree = "<group>";
		};
/* End PBXGroup section */

/* Begin PBXNativeTarget section */
		3B2A4EE729660579005E8ED6 /* QRScannerPreview */ = {
			isa = PBXNativeTarget;
			buildConfigurationList = 3B2A4F122966057B005E8ED6 /* Build configuration list for PBXNativeTarget "QRScannerPreview" */;
			buildPhases = (
				3B2A4EE429660579005E8ED6 /* Sources */,
				3B2A4EE529660579005E8ED6 /* Frameworks */,
				3B2A4EE629660579005E8ED6 /* Resources */,
			);
			buildRules = (
			);
			dependencies = (
			);
			name = QRScannerPreview;
			productName = QRScannerPreview;
			productReference = 3B2A4EE829660579005E8ED6 /* QRScannerPreview.app */;
			productType = "com.apple.product-type.application";
		};
		3B2A4EFD2966057B005E8ED6 /* QRScannerPreviewTests */ = {
			isa = PBXNativeTarget;
			buildConfigurationList = 3B2A4F152966057B005E8ED6 /* Build configuration list for PBXNativeTarget "QRScannerPreviewTests" */;
			buildPhases = (
				3B2A4EFA2966057B005E8ED6 /* Sources */,
				3B2A4EFB2966057B005E8ED6 /* Frameworks */,
				3B2A4EFC2966057B005E8ED6 /* Resources */,
			);
			buildRules = (
			);
			dependencies = (
				3B2A4F002966057B005E8ED6 /* PBXTargetDependency */,
			);
			name = QRScannerPreviewTests;
			productName = QRScannerPreviewTests;
			productReference = 3B2A4EFE2966057B005E8ED6 /* QRScannerPreviewTests.xctest */;
			productType = "com.apple.product-type.bundle.unit-test";
		};
		3B2A4F072966057B005E8ED6 /* QRScannerPreviewUITests */ = {
			isa = PBXNativeTarget;
			buildConfigurationList = 3B2A4F182966057B005E8ED6 /* Build configuration list for PBXNativeTarget "QRScannerPreviewUITests" */;
			buildPhases = (
				3B2A4F042966057B005E8ED6 /* Sources */,
				3B2A4F052966057B005E8ED6 /* Frameworks */,
				3B2A4F062966057B005E8ED6 /* Resources */,
			);
			buildRules = (
			);
			dependencies = (
				3B2A4F0A2966057B005E8ED6 /* PBXTargetDependency */,
			);
			name = QRScannerPreviewUITests;
			productName = QRScannerPreviewUITests;
			productReference = 3B2A4F082966057B005E8ED6 /* QRScannerPreviewUITests.xctest */;
			productType = "com.apple.product-type.bundle.ui-testing";
		};
/* End PBXNativeTarget section */

/* Begin PBXProject section */
		3B2A4EE029660579005E8ED6 /* Project object */ = {
			isa = PBXProject;
			attributes = {
				BuildIndependentTargetsInParallel = 1;
				LastSwiftUpdateCheck = 1420;
				LastUpgradeCheck = 1420;
				TargetAttributes = {
					3B2A4EE729660579005E8ED6 = {
						CreatedOnToolsVersion = 14.2;
					};
					3B2A4EFD2966057B005E8ED6 = {
						CreatedOnToolsVersion = 14.2;
						TestTargetID = 3B2A4EE729660579005E8ED6;
					};
					3B2A4F072966057B005E8ED6 = {
						CreatedOnToolsVersion = 14.2;
						TestTargetID = 3B2A4EE729660579005E8ED6;
					};
				};
			};
			buildConfigurationList = 3B2A4EE329660579005E8ED6 /* Build configuration list for PBXProject "QRScannerPreview" */;
			compatibilityVersion = "Xcode 14.0";
			developmentRegion = en;
			hasScannedForEncodings = 0;
			knownRegions = (
				en,
				Base,
			);
			mainGroup = 3B2A4EDF29660579005E8ED6;
			productRefGroup = 3B2A4EE929660579005E8ED6 /* Products */;
			projectDirPath = "";
			projectRoot = "";
			targets = (
				3B2A4EE729660579005E8ED6 /* QRScannerPreview */,
				3B2A4EFD2966057B005E8ED6 /* QRScannerPreviewTests */,
				3B2A4F072966057B005E8ED6 /* QRScannerPreviewUITests */,
			);
		};
/* End PBXProject section */

/* Begin PBXResourcesBuildPhase section */
		3B2A4EE629660579005E8ED6 /* Resources */ = {
			isa = PBXResourcesBuildPhase;
			buildActionMask = 2147483647;
			files = (
				3B2A4EF82966057B005E8ED6 /* LaunchScreen.storyboard in Resources */,
				3B2A4EF52966057B005E8ED6 /* Assets.xcassets in Resources */,
				3B2A4EF329660579005E8ED6 /* Main.storyboard in Resources */,
			);
			runOnlyForDeploymentPostprocessing = 0;
		};
		3B2A4EFC2966057B005E8ED6 /* Resources */ = {
			isa = PBXResourcesBuildPhase;
			buildActionMask = 2147483647;
			files = (
			);
			runOnlyForDeploymentPostprocessing = 0;
		};
		3B2A4F062966057B005E8ED6 /* Resources */ = {
			isa = PBXResourcesBuildPhase;
			buildActionMask = 2147483647;
			files = (
			);
			runOnlyForDeploymentPostprocessing = 0;
		};
/* End PBXResourcesBuildPhase section */

/* Begin PBXSourcesBuildPhase section */
		3B2A4EE429660579005E8ED6 /* Sources */ = {
			isa = PBXSourcesBuildPhase;
			buildActionMask = 2147483647;
			files = (
				3B2A4EF029660579005E8ED6 /* ViewController.swift in Sources */,
				3B2A4EEC29660579005E8ED6 /* AppDelegate.swift in Sources */,
				3B2A4EEE29660579005E8ED6 /* SceneDelegate.swift in Sources */,
			);
			runOnlyForDeploymentPostprocessing = 0;
		};
		3B2A4EFA2966057B005E8ED6 /* Sources */ = {
			isa = PBXSourcesBuildPhase;
			buildActionMask = 2147483647;
			files = (
				3B2A4F032966057B005E8ED6 /* QRScannerPreviewTests.swift in Sources */,
			);
			runOnlyForDeploymentPostprocessing = 0;
		};
		3B2A4F042966057B005E8ED6 /* Sources */ = {
			isa = PBXSourcesBuildPhase;
			buildActionMask = 2147483647;
			files = (
				3B2A4F0D2966057B005E8ED6 /* QRScannerPreviewUITests.swift in Sources */,
				3B2A4F0F2966057B005E8ED6 /* QRScannerPreviewUITestsLaunchTests.swift in Sources */,
			);
			runOnlyForDeploymentPostprocessing = 0;
		};
/* End PBXSourcesBuildPhase section */

/* Begin PBXTargetDependency section */
		3B2A4F002966057B005E8ED6 /* PBXTargetDependency */ = {
			isa = PBXTargetDependency;
			target = 3B2A4EE729660579005E8ED6 /* QRScannerPreview */;
			targetProxy = 3B2A4EFF2966057B005E8ED6 /* PBXContainerItemProxy */;
		};
		3B2A4F0A2966057B005E8ED6 /* PBXTargetDependency */ = {
			isa = PBXTargetDependency;
			target = 3B2A4EE729660579005E8ED6 /* QRScannerPreview */;
			targetProxy = 3B2A4F092966057B005E8ED6 /* PBXContainerItemProxy */;
		};
/* End PBXTargetDependency section */

/* Begin PBXVariantGroup section */
		3B2A4EF129660579005E8ED6 /* Main.storyboard */ = {
			isa = PBXVariantGroup;
			children = (
				3B2A4EF229660579005E8ED6 /* Base */,
			);
			name = Main.storyboard;
			sourceTree = "<group>";
		};
		3B2A4EF62966057B005E8ED6 /* LaunchScreen.storyboard */ = {
			isa = PBXVariantGroup;
			children = (
				3B2A4EF72966057B005E8ED6 /* Base */,
			);
			name = LaunchScreen.storyboard;
			sourceTree = "<group>";
		};
/* End PBXVariantGroup section */

/* Begin XCBuildConfiguration section */
		3B2A4F102966057B005E8ED6 /* Debug */ = {
			isa = XCBuildConfiguration;
			buildSettings = {
				ALWAYS_SEARCH_USER_PATHS = NO;
				CLANG_ANALYZER_NONNULL = YES;
				CLANG_ANALYZER_NUMBER_OBJECT_CONVERSION = YES_AGGRESSIVE;
				CLANG_CXX_LANGUAGE_STANDARD = "gnu++20";
				CLANG_ENABLE_MODULES = YES;
				CLANG_ENABLE_OBJC_ARC = YES;
				CLANG_ENABLE_OBJC_WEAK = YES;
				CLANG_WARN_BLOCK_CAPTURE_AUTORELEASING = YES;
				CLANG_WARN_BOOL_CONVERSION = YES;
				CLANG_WARN_COMMA = YES;
				CLANG_WARN_CONSTANT_CONVERSION = YES;
				CLANG_WARN_DEPRECATED_OBJC_IMPLEMENTATIONS = YES;
				CLANG_WARN_DIRECT_OBJC_ISA_USAGE = YES_ERROR;
				CLANG_WARN_DOCUMENTATION_COMMENTS = YES;
				CLANG_WARN_EMPTY_BODY = YES;
				CLANG_WARN_ENUM_CONVERSION = YES;
				CLANG_WARN_INFINITE_RECURSION = YES;
				CLANG_WARN_INT_CONVERSION = YES;
				CLANG_WARN_NON_LITERAL_NULL_CONVERSION = YES;
				CLANG_WARN_OBJC_IMPLICIT_RETAIN_SELF = YES;
				CLANG_WARN_OBJC_LITERAL_CONVERSION = YES;
				CLANG_WARN_OBJC_ROOT_CLASS = YES_ERROR;
				CLANG_WARN_QUOTED_INCLUDE_IN_FRAMEWORK_HEADER = YES;
				CLANG_WARN_RANGE_LOOP_ANALYSIS = YES;
				CLANG_WARN_STRICT_PROTOTYPES = YES;
				CLANG_WARN_SUSPICIOUS_MOVE = YES;
				CLANG_WARN_UNGUARDED_AVAILABILITY = YES_AGGRESSIVE;
				CLANG_WARN_UNREACHABLE_CODE = YES;
				CLANG_WARN__DUPLICATE_METHOD_MATCH = YES;
				COPY_PHASE_STRIP = NO;
				DEBUG_INFORMATION_FORMAT = dwarf;
				ENABLE_STRICT_OBJC_MSGSEND = YES;
				ENABLE_TESTABILITY = YES;
				GCC_C_LANGUAGE_STANDARD = gnu11;
				GCC_DYNAMIC_NO_PIC = NO;
				GCC_NO_COMMON_BLOCKS = YES;
				GCC_OPTIMIZATION_LEVEL = 0;
				GCC_PREPROCESSOR_DEFINITIONS = (
					"DEBUG=1",
					"$(inherited)",
				);
				GCC_WARN_64_TO_32_BIT_CONVERSION = YES;
				GCC_WARN_ABOUT_RETURN_TYPE = YES_ERROR;
				GCC_WARN_UNDECLARED_SELECTOR = YES;
				GCC_WARN_UNINITIALIZED_AUTOS = YES_AGGRESSIVE;
				GCC_WARN_UNUSED_FUNCTION = YES;
				GCC_WARN_UNUSED_VARIABLE = YES;
				IPHONEOS_DEPLOYMENT_TARGET = 16.2;
				MTL_ENABLE_DEBUG_INFO = INCLUDE_SOURCE;
				MTL_FAST_MATH = YES;
				ONLY_ACTIVE_ARCH = YES;
				SDKROOT = iphoneos;
				SWIFT_ACTIVE_COMPILATION_CONDITIONS = DEBUG;
				SWIFT_OPTIMIZATION_LEVEL = "-Onone";
			};
			name = Debug;
		};
		3B2A4F112966057B005E8ED6 /* Release */ = {
			isa = XCBuildConfiguration;
			buildSettings = {
				ALWAYS_SEARCH_USER_PATHS = NO;
				CLANG_ANALYZER_NONNULL = YES;
				CLANG_ANALYZER_NUMBER_OBJECT_CONVERSION = YES_AGGRESSIVE;
				CLANG_CXX_LANGUAGE_STANDARD = "gnu++20";
				CLANG_ENABLE_MODULES = YES;
				CLANG_ENABLE_OBJC_ARC = YES;
				CLANG_ENABLE_OBJC_WEAK = YES;
				CLANG_WARN_BLOCK_CAPTURE_AUTORELEASING = YES;
				CLANG_WARN_BOOL_CONVERSION = YES;
				CLANG_WARN_COMMA = YES;
				CLANG_WARN_CONSTANT_CONVERSION = YES;
				CLANG_WARN_DEPRECATED_OBJC_IMPLEMENTATIONS = YES;
				CLANG_WARN_DIRECT_OBJC_ISA_USAGE = YES_ERROR;
				CLANG_WARN_DOCUMENTATION_COMMENTS = YES;
				CLANG_WARN_EMPTY_BODY = YES;
				CLANG_WARN_ENUM_CONVERSION = YES;
				CLANG_WARN_INFINITE_RECURSION = YES;
				CLANG_WARN_INT_CONVERSION = YES;
				CLANG_WARN_NON_LITERAL_NULL_CONVERSION = YES;
				CLANG_WARN_OBJC_IMPLICIT_RETAIN_SELF = YES;
				CLANG_WARN_OBJC_LITERAL_CONVERSION = YES;
				CLANG_WARN_OBJC_ROOT_CLASS = YES_ERROR;
				CLANG_WARN_QUOTED_INCLUDE_IN_FRAMEWORK_HEADER = YES;
				CLANG_WARN_RANGE_LOOP_ANALYSIS = YES;
				CLANG_WARN_STRICT_PROTOTYPES = YES;
				CLANG_WARN_SUSPICIOUS_MOVE = YES;
				CLANG_WARN_UNGUARDED_AVAILABILITY = YES_AGGRESSIVE;
				CLANG_WARN_UNREACHABLE_CODE = YES;
				CLANG_WARN__DUPLICATE_METHOD_MATCH = YES;
				COPY_PHASE_STRIP = NO;
				DEBUG_INFORMATION_FORMAT = "dwarf-with-dsym";
				ENABLE_NS_ASSERTIONS = NO;
				ENABLE_STRICT_OBJC_MSGSEND = YES;
				GCC_C_LANGUAGE_STANDARD = gnu11;
				GCC_NO_COMMON_BLOCKS = YES;
				GCC_WARN_64_TO_32_BIT_CONVERSION = YES;
				GCC_WARN_ABOUT_RETURN_TYPE = YES_ERROR;
				GCC_WARN_UNDECLARED_SELECTOR = YES;
				GCC_WARN_UNINITIALIZED_AUTOS = YES_AGGRESSIVE;
				GCC_WARN_UNUSED_FUNCTION = YES;
				GCC_WARN_UNUSED_VARIABLE = YES;
				IPHONEOS_DEPLOYMENT_TARGET = 16.2;
				MTL_ENABLE_DEBUG_INFO = NO;
				MTL_FAST_MATH = YES;
				SDKROOT = iphoneos;
				SWIFT_COMPILATION_MODE = wholemodule;
				SWIFT_OPTIMIZATION_LEVEL = "-O";
				VALIDATE_PRODUCT = YES;
			};
			name = Release;
		};
		3B2A4F132966057B005E8ED6 /* Debug */ = {
			isa = XCBuildConfiguration;
			buildSettings = {
				ASSETCATALOG_COMPILER_APPICON_NAME = AppIcon;
				ASSETCATALOG_COMPILER_GLOBAL_ACCENT_COLOR_NAME = AccentColor;
				CODE_SIGN_STYLE = Automatic;
				CURRENT_PROJECT_VERSION = 1;
				DEVELOPMENT_TEAM = TNSM43P2F3;
				GENERATE_INFOPLIST_FILE = YES;
				INFOPLIST_FILE = QRScannerPreview/Info.plist;
				INFOPLIST_KEY_UIApplicationSupportsIndirectInputEvents = YES;
				INFOPLIST_KEY_UILaunchStoryboardName = LaunchScreen;
				INFOPLIST_KEY_UIMainStoryboardFile = Main;
				INFOPLIST_KEY_UISupportedInterfaceOrientations_iPad = "UIInterfaceOrientationPortrait UIInterfaceOrientationPortraitUpsideDown UIInterfaceOrientationLandscapeLeft UIInterfaceOrientationLandscapeRight";
				INFOPLIST_KEY_UISupportedInterfaceOrientations_iPhone = "UIInterfaceOrientationPortrait UIInterfaceOrientationLandscapeLeft UIInterfaceOrientationLandscapeRight";
				LD_RUNPATH_SEARCH_PATHS = (
					"$(inherited)",
					"@executable_path/Frameworks",
				);
				MARKETING_VERSION = 1.0;
				PRODUCT_BUNDLE_IDENTIFIER = com.javiercueto.QRScannerPreview;
				PRODUCT_NAME = "$(TARGET_NAME)";
				SWIFT_EMIT_LOC_STRINGS = YES;
				SWIFT_VERSION = 5.0;
				TARGETED_DEVICE_FAMILY = "1,2";
			};
			name = Debug;
		};
		3B2A4F142966057B005E8ED6 /* Release */ = {
			isa = XCBuildConfiguration;
			buildSettings = {
				ASSETCATALOG_COMPILER_APPICON_NAME = AppIcon;
				ASSETCATALOG_COMPILER_GLOBAL_ACCENT_COLOR_NAME = AccentColor;
				CODE_SIGN_STYLE = Automatic;
				CURRENT_PROJECT_VERSION = 1;
				DEVELOPMENT_TEAM = TNSM43P2F3;
				GENERATE_INFOPLIST_FILE = YES;
				INFOPLIST_FILE = QRScannerPreview/Info.plist;
				INFOPLIST_KEY_UIApplicationSupportsIndirectInputEvents = YES;
				INFOPLIST_KEY_UILaunchStoryboardName = LaunchScreen;
				INFOPLIST_KEY_UIMainStoryboardFile = Main;
				INFOPLIST_KEY_UISupportedInterfaceOrientations_iPad = "UIInterfaceOrientationPortrait UIInterfaceOrientationPortraitUpsideDown UIInterfaceOrientationLandscapeLeft UIInterfaceOrientationLandscapeRight";
				INFOPLIST_KEY_UISupportedInterfaceOrientations_iPhone = "UIInterfaceOrientationPortrait UIInterfaceOrientationLandscapeLeft UIInterfaceOrientationLandscapeRight";
				LD_RUNPATH_SEARCH_PATHS = (
					"$(inherited)",
					"@executable_path/Frameworks",
				);
				MARKETING_VERSION = 1.0;
				PRODUCT_BUNDLE_IDENTIFIER = com.javiercueto.QRScannerPreview;
				PRODUCT_NAME = "$(TARGET_NAME)";
				SWIFT_EMIT_LOC_STRINGS = YES;
				SWIFT_VERSION = 5.0;
				TARGETED_DEVICE_FAMILY = "1,2";
			};
			name = Release;
		};
		3B2A4F162966057B005E8ED6 /* Debug */ = {
			isa = XCBuildConfiguration;
			buildSettings = {
				ALWAYS_EMBED_SWIFT_STANDARD_LIBRARIES = YES;
				BUNDLE_LOADER = "$(TEST_HOST)";
				CODE_SIGN_STYLE = Automatic;
				CURRENT_PROJECT_VERSION = 1;
				DEVELOPMENT_TEAM = TNSM43P2F3;
				GENERATE_INFOPLIST_FILE = YES;
				IPHONEOS_DEPLOYMENT_TARGET = 16.2;
				MARKETING_VERSION = 1.0;
				PRODUCT_BUNDLE_IDENTIFIER = com.javiercueto.QRScannerPreviewTests;
				PRODUCT_NAME = "$(TARGET_NAME)";
				SWIFT_EMIT_LOC_STRINGS = NO;
				SWIFT_VERSION = 5.0;
				TARGETED_DEVICE_FAMILY = "1,2";
				TEST_HOST = "$(BUILT_PRODUCTS_DIR)/QRScannerPreview.app/$(BUNDLE_EXECUTABLE_FOLDER_PATH)/QRScannerPreview";
			};
			name = Debug;
		};
		3B2A4F172966057B005E8ED6 /* Release */ = {
			isa = XCBuildConfiguration;
			buildSettings = {
				ALWAYS_EMBED_SWIFT_STANDARD_LIBRARIES = YES;
				BUNDLE_LOADER = "$(TEST_HOST)";
				CODE_SIGN_STYLE = Automatic;
				CURRENT_PROJECT_VERSION = 1;
				DEVELOPMENT_TEAM = TNSM43P2F3;
				GENERATE_INFOPLIST_FILE = YES;
				IPHONEOS_DEPLOYMENT_TARGET = 16.2;
				MARKETING_VERSION = 1.0;
				PRODUCT_BUNDLE_IDENTIFIER = com.javiercueto.QRScannerPreviewTests;
				PRODUCT_NAME = "$(TARGET_NAME)";
				SWIFT_EMIT_LOC_STRINGS = NO;
				SWIFT_VERSION = 5.0;
				TARGETED_DEVICE_FAMILY = "1,2";
				TEST_HOST = "$(BUILT_PRODUCTS_DIR)/QRScannerPreview.app/$(BUNDLE_EXECUTABLE_FOLDER_PATH)/QRScannerPreview";
			};
			name = Release;
		};
		3B2A4F192966057B005E8ED6 /* Debug */ = {
			isa = XCBuildConfiguration;
			buildSettings = {
				ALWAYS_EMBED_SWIFT_STANDARD_LIBRARIES = YES;
				CODE_SIGN_STYLE = Automatic;
				CURRENT_PROJECT_VERSION = 1;
				DEVELOPMENT_TEAM = TNSM43P2F3;
				GENERATE_INFOPLIST_FILE = YES;
				MARKETING_VERSION = 1.0;
				PRODUCT_BUNDLE_IDENTIFIER = com.javiercueto.QRScannerPreviewUITests;
				PRODUCT_NAME = "$(TARGET_NAME)";
				SWIFT_EMIT_LOC_STRINGS = NO;
				SWIFT_VERSION = 5.0;
				TARGETED_DEVICE_FAMILY = "1,2";
				TEST_TARGET_NAME = QRScannerPreview;
			};
			name = Debug;
		};
		3B2A4F1A2966057B005E8ED6 /* Release */ = {
			isa = XCBuildConfiguration;
			buildSettings = {
				ALWAYS_EMBED_SWIFT_STANDARD_LIBRARIES = YES;
				CODE_SIGN_STYLE = Automatic;
				CURRENT_PROJECT_VERSION = 1;
				DEVELOPMENT_TEAM = TNSM43P2F3;
				GENERATE_INFOPLIST_FILE = YES;
				MARKETING_VERSION = 1.0;
				PRODUCT_BUNDLE_IDENTIFIER = com.javiercueto.QRScannerPreviewUITests;
				PRODUCT_NAME = "$(TARGET_NAME)";
				SWIFT_EMIT_LOC_STRINGS = NO;
				SWIFT_VERSION = 5.0;
				TARGETED_DEVICE_FAMILY = "1,2";
				TEST_TARGET_NAME = QRScannerPreview;
			};
			name = Release;
		};
/* End XCBuildConfiguration section */

/* Begin XCConfigurationList section */
		3B2A4EE329660579005E8ED6 /* Build configuration list for PBXProject "QRScannerPreview" */ = {
			isa = XCConfigurationList;
			buildConfigurations = (
				3B2A4F102966057B005E8ED6 /* Debug */,
				3B2A4F112966057B005E8ED6 /* Release */,
			);
			defaultConfigurationIsVisible = 0;
			defaultConfigurationName = Release;
		};
		3B2A4F122966057B005E8ED6 /* Build configuration list for PBXNativeTarget "QRScannerPreview" */ = {
			isa = XCConfigurationList;
			buildConfigurations = (
				3B2A4F132966057B005E8ED6 /* Debug */,
				3B2A4F142966057B005E8ED6 /* Release */,
			);
			defaultConfigurationIsVisible = 0;
			defaultConfigurationName = Release;
		};
		3B2A4F152966057B005E8ED6 /* Build configuration list for PBXNativeTarget "QRScannerPreviewTests" */ = {
			isa = XCConfigurationList;
			buildConfigurations = (
				3B2A4F162966057B005E8ED6 /* Debug */,
				3B2A4F172966057B005E8ED6 /* Release */,
			);
			defaultConfigurationIsVisible = 0;
			defaultConfigurationName = Release;
		};
		3B2A4F182966057B005E8ED6 /* Build configuration list for PBXNativeTarget "QRScannerPreviewUITests" */ = {
			isa = XCConfigurationList;
			buildConfigurations = (
				3B2A4F192966057B005E8ED6 /* Debug */,
				3B2A4F1A2966057B005E8ED6 /* Release */,
			);
			defaultConfigurationIsVisible = 0;
			defaultConfigurationName = Release;
		};
/* End XCConfigurationList section */
	};
	rootObject = 3B2A4EE029660579005E8ED6 /* Project object */;
}
